// !$*UTF8*$!
{
	archiveVersion = 1;
	classes = {
	};
	objectVersion = 50;
	objects = {

/* Begin PBXBuildFile section */
		AD485E1F237A127A00AB5C2E /* AppDelegate.swift in Sources */ = {isa = PBXBuildFile; fileRef = AD485E1E237A127A00AB5C2E /* AppDelegate.swift */; };
		AD485E21237A127A00AB5C2E /* ViewController.swift in Sources */ = {isa = PBXBuildFile; fileRef = AD485E20237A127A00AB5C2E /* ViewController.swift */; };
		AD485E24237A127A00AB5C2E /* Main.storyboard in Resources */ = {isa = PBXBuildFile; fileRef = AD485E22237A127A00AB5C2E /* Main.storyboard */; };
		AD485E26237A127A00AB5C2E /* Assets.xcassets in Resources */ = {isa = PBXBuildFile; fileRef = AD485E25237A127A00AB5C2E /* Assets.xcassets */; };
		AD485E29237A127A00AB5C2E /* LaunchScreen.storyboard in Resources */ = {isa = PBXBuildFile; fileRef = AD485E27237A127A00AB5C2E /* LaunchScreen.storyboard */; };
		AD485E2E237A127A00AB5C2E /* complications WatchKit App.app in Embed Watch Content */ = {isa = PBXBuildFile; fileRef = AD485E2D237A127A00AB5C2E /* complications WatchKit App.app */; };
		AD485E34237A127A00AB5C2E /* Interface.storyboard in Resources */ = {isa = PBXBuildFile; fileRef = AD485E32237A127A00AB5C2E /* Interface.storyboard */; };
		AD485E36237A127B00AB5C2E /* Assets.xcassets in Resources */ = {isa = PBXBuildFile; fileRef = AD485E35237A127B00AB5C2E /* Assets.xcassets */; };
		AD485E3D237A127B00AB5C2E /* complications WatchKit Extension.appex in Embed App Extensions */ = {isa = PBXBuildFile; fileRef = AD485E3C237A127B00AB5C2E /* complications WatchKit Extension.appex */; settings = {ATTRIBUTES = (RemoveHeadersOnCopy, ); }; };
		AD485E42237A127B00AB5C2E /* InterfaceController.swift in Sources */ = {isa = PBXBuildFile; fileRef = AD485E41237A127B00AB5C2E /* InterfaceController.swift */; };
		AD485E44237A127B00AB5C2E /* ExtensionDelegate.swift in Sources */ = {isa = PBXBuildFile; fileRef = AD485E43237A127B00AB5C2E /* ExtensionDelegate.swift */; };
		AD485E48237A127B00AB5C2E /* ComplicationController.swift in Sources */ = {isa = PBXBuildFile; fileRef = AD485E47237A127B00AB5C2E /* ComplicationController.swift */; };
		AD485E4A237A127B00AB5C2E /* Assets.xcassets in Resources */ = {isa = PBXBuildFile; fileRef = AD485E49237A127B00AB5C2E /* Assets.xcassets */; };
/* End PBXBuildFile section */

/* Begin PBXContainerItemProxy section */
		AD485E2F237A127A00AB5C2E /* PBXContainerItemProxy */ = {
			isa = PBXContainerItemProxy;
			containerPortal = AD485E13237A127A00AB5C2E /* Project object */;
			proxyType = 1;
			remoteGlobalIDString = AD485E2C237A127A00AB5C2E;
			remoteInfo = "complications WatchKit App";
		};
		AD485E3E237A127B00AB5C2E /* PBXContainerItemProxy */ = {
			isa = PBXContainerItemProxy;
			containerPortal = AD485E13237A127A00AB5C2E /* Project object */;
			proxyType = 1;
			remoteGlobalIDString = AD485E3B237A127B00AB5C2E;
			remoteInfo = "complications WatchKit Extension";
		};
/* End PBXContainerItemProxy section */

/* Begin PBXCopyFilesBuildPhase section */
		AD485E52237A127C00AB5C2E /* Embed App Extensions */ = {
			isa = PBXCopyFilesBuildPhase;
			buildActionMask = 2147483647;
			dstPath = "";
			dstSubfolderSpec = 13;
			files = (
				AD485E3D237A127B00AB5C2E /* complications WatchKit Extension.appex in Embed App Extensions */,
			);
			name = "Embed App Extensions";
			runOnlyForDeploymentPostprocessing = 0;
		};
		AD485E56237A127C00AB5C2E /* Embed Watch Content */ = {
			isa = PBXCopyFilesBuildPhase;
			buildActionMask = 2147483647;
			dstPath = "$(CONTENTS_FOLDER_PATH)/Watch";
			dstSubfolderSpec = 16;
			files = (
				AD485E2E237A127A00AB5C2E /* complications WatchKit App.app in Embed Watch Content */,
			);
			name = "Embed Watch Content";
			runOnlyForDeploymentPostprocessing = 0;
		};
/* End PBXCopyFilesBuildPhase section */

/* Begin PBXFileReference section */
		AD485E1B237A127A00AB5C2E /* complications.app */ = {isa = PBXFileReference; explicitFileType = wrapper.application; includeInIndex = 0; path = complications.app; sourceTree = BUILT_PRODUCTS_DIR; };
		AD485E1E237A127A00AB5C2E /* AppDelegate.swift */ = {isa = PBXFileReference; lastKnownFileType = sourcecode.swift; path = AppDelegate.swift; sourceTree = "<group>"; };
		AD485E20237A127A00AB5C2E /* ViewController.swift */ = {isa = PBXFileReference; lastKnownFileType = sourcecode.swift; path = ViewController.swift; sourceTree = "<group>"; };
		AD485E23237A127A00AB5C2E /* Base */ = {isa = PBXFileReference; lastKnownFileType = file.storyboard; name = Base; path = Base.lproj/Main.storyboard; sourceTree = "<group>"; };
		AD485E25237A127A00AB5C2E /* Assets.xcassets */ = {isa = PBXFileReference; lastKnownFileType = folder.assetcatalog; path = Assets.xcassets; sourceTree = "<group>"; };
		AD485E28237A127A00AB5C2E /* Base */ = {isa = PBXFileReference; lastKnownFileType = file.storyboard; name = Base; path = Base.lproj/LaunchScreen.storyboard; sourceTree = "<group>"; };
		AD485E2A237A127A00AB5C2E /* Info.plist */ = {isa = PBXFileReference; lastKnownFileType = text.plist.xml; path = Info.plist; sourceTree = "<group>"; };
		AD485E2D237A127A00AB5C2E /* complications WatchKit App.app */ = {isa = PBXFileReference; explicitFileType = wrapper.application; includeInIndex = 0; path = "complications WatchKit App.app"; sourceTree = BUILT_PRODUCTS_DIR; };
		AD485E33237A127A00AB5C2E /* Base */ = {isa = PBXFileReference; lastKnownFileType = file.storyboard; name = Base; path = Base.lproj/Interface.storyboard; sourceTree = "<group>"; };
		AD485E35237A127B00AB5C2E /* Assets.xcassets */ = {isa = PBXFileReference; lastKnownFileType = folder.assetcatalog; path = Assets.xcassets; sourceTree = "<group>"; };
		AD485E37237A127B00AB5C2E /* Info.plist */ = {isa = PBXFileReference; lastKnownFileType = text.plist.xml; path = Info.plist; sourceTree = "<group>"; };
		AD485E3C237A127B00AB5C2E /* complications WatchKit Extension.appex */ = {isa = PBXFileReference; explicitFileType = "wrapper.app-extension"; includeInIndex = 0; path = "complications WatchKit Extension.appex"; sourceTree = BUILT_PRODUCTS_DIR; };
		AD485E41237A127B00AB5C2E /* InterfaceController.swift */ = {isa = PBXFileReference; lastKnownFileType = sourcecode.swift; path = InterfaceController.swift; sourceTree = "<group>"; };
		AD485E43237A127B00AB5C2E /* ExtensionDelegate.swift */ = {isa = PBXFileReference; lastKnownFileType = sourcecode.swift; path = ExtensionDelegate.swift; sourceTree = "<group>"; };
		AD485E47237A127B00AB5C2E /* ComplicationController.swift */ = {isa = PBXFileReference; lastKnownFileType = sourcecode.swift; path = ComplicationController.swift; sourceTree = "<group>"; };
		AD485E49237A127B00AB5C2E /* Assets.xcassets */ = {isa = PBXFileReference; lastKnownFileType = folder.assetcatalog; path = Assets.xcassets; sourceTree = "<group>"; };
		AD485E4B237A127B00AB5C2E /* Info.plist */ = {isa = PBXFileReference; lastKnownFileType = text.plist.xml; path = Info.plist; sourceTree = "<group>"; };
		AD485E5A237A129C00AB5C2E /* complications.entitlements */ = {isa = PBXFileReference; lastKnownFileType = text.plist.entitlements; path = complications.entitlements; sourceTree = "<group>"; };
		AD485E5B237A132000AB5C2E /* complications WatchKit Extension.entitlements */ = {isa = PBXFileReference; lastKnownFileType = text.plist.entitlements; path = "complications WatchKit Extension.entitlements"; sourceTree = "<group>"; };
/* End PBXFileReference section */

/* Begin PBXFrameworksBuildPhase section */
		AD485E18237A127A00AB5C2E /* Frameworks */ = {
			isa = PBXFrameworksBuildPhase;
			buildActionMask = 2147483647;
			files = (
			);
			runOnlyForDeploymentPostprocessing = 0;
		};
		AD485E39237A127B00AB5C2E /* Frameworks */ = {
			isa = PBXFrameworksBuildPhase;
			buildActionMask = 2147483647;
			files = (
			);
			runOnlyForDeploymentPostprocessing = 0;
		};
/* End PBXFrameworksBuildPhase section */

/* Begin PBXGroup section */
		AD485E12237A127A00AB5C2E = {
			isa = PBXGroup;
			children = (
				AD485E1D237A127A00AB5C2E /* complications */,
				AD485E31237A127A00AB5C2E /* complications WatchKit App */,
				AD485E40237A127B00AB5C2E /* complications WatchKit Extension */,
				AD485E1C237A127A00AB5C2E /* Products */,
			);
			sourceTree = "<group>";
		};
		AD485E1C237A127A00AB5C2E /* Products */ = {
			isa = PBXGroup;
			children = (
				AD485E1B237A127A00AB5C2E /* complications.app */,
				AD485E2D237A127A00AB5C2E /* complications WatchKit App.app */,
				AD485E3C237A127B00AB5C2E /* complications WatchKit Extension.appex */,
			);
			name = Products;
			sourceTree = "<group>";
		};
		AD485E1D237A127A00AB5C2E /* complications */ = {
			isa = PBXGroup;
			children = (
				AD485E5A237A129C00AB5C2E /* complications.entitlements */,
				AD485E1E237A127A00AB5C2E /* AppDelegate.swift */,
				AD485E20237A127A00AB5C2E /* ViewController.swift */,
				AD485E22237A127A00AB5C2E /* Main.storyboard */,
				AD485E25237A127A00AB5C2E /* Assets.xcassets */,
				AD485E27237A127A00AB5C2E /* LaunchScreen.storyboard */,
				AD485E2A237A127A00AB5C2E /* Info.plist */,
			);
			path = complications;
			sourceTree = "<group>";
		};
		AD485E31237A127A00AB5C2E /* complications WatchKit App */ = {
			isa = PBXGroup;
			children = (
				AD485E32237A127A00AB5C2E /* Interface.storyboard */,
				AD485E35237A127B00AB5C2E /* Assets.xcassets */,
				AD485E37237A127B00AB5C2E /* Info.plist */,
			);
			path = "complications WatchKit App";
			sourceTree = "<group>";
		};
		AD485E40237A127B00AB5C2E /* complications WatchKit Extension */ = {
			isa = PBXGroup;
			children = (
				AD485E5B237A132000AB5C2E /* complications WatchKit Extension.entitlements */,
				AD485E41237A127B00AB5C2E /* InterfaceController.swift */,
				AD485E43237A127B00AB5C2E /* ExtensionDelegate.swift */,
				AD485E47237A127B00AB5C2E /* ComplicationController.swift */,
				AD485E49237A127B00AB5C2E /* Assets.xcassets */,
				AD485E4B237A127B00AB5C2E /* Info.plist */,
			);
			path = "complications WatchKit Extension";
			sourceTree = "<group>";
		};
/* End PBXGroup section */

/* Begin PBXNativeTarget section */
		AD485E1A237A127A00AB5C2E /* complications */ = {
			isa = PBXNativeTarget;
			buildConfigurationList = AD485E57237A127C00AB5C2E /* Build configuration list for PBXNativeTarget "complications" */;
			buildPhases = (
				AD485E17237A127A00AB5C2E /* Sources */,
				AD485E18237A127A00AB5C2E /* Frameworks */,
				AD485E19237A127A00AB5C2E /* Resources */,
				AD485E56237A127C00AB5C2E /* Embed Watch Content */,
			);
			buildRules = (
			);
			dependencies = (
				AD485E30237A127A00AB5C2E /* PBXTargetDependency */,
			);
			name = complications;
			productName = complications;
			productReference = AD485E1B237A127A00AB5C2E /* complications.app */;
			productType = "com.apple.product-type.application";
		};
		AD485E2C237A127A00AB5C2E /* complications WatchKit App */ = {
			isa = PBXNativeTarget;
			buildConfigurationList = AD485E53237A127C00AB5C2E /* Build configuration list for PBXNativeTarget "complications WatchKit App" */;
			buildPhases = (
				AD485E2B237A127A00AB5C2E /* Resources */,
				AD485E52237A127C00AB5C2E /* Embed App Extensions */,
			);
			buildRules = (
			);
			dependencies = (
				AD485E3F237A127B00AB5C2E /* PBXTargetDependency */,
			);
			name = "complications WatchKit App";
			productName = "complications WatchKit App";
			productReference = AD485E2D237A127A00AB5C2E /* complications WatchKit App.app */;
			productType = "com.apple.product-type.application.watchapp2";
		};
		AD485E3B237A127B00AB5C2E /* complications WatchKit Extension */ = {
			isa = PBXNativeTarget;
			buildConfigurationList = AD485E4F237A127C00AB5C2E /* Build configuration list for PBXNativeTarget "complications WatchKit Extension" */;
			buildPhases = (
				AD485E38237A127B00AB5C2E /* Sources */,
				AD485E39237A127B00AB5C2E /* Frameworks */,
				AD485E3A237A127B00AB5C2E /* Resources */,
			);
			buildRules = (
			);
			dependencies = (
			);
			name = "complications WatchKit Extension";
			productName = "complications WatchKit Extension";
			productReference = AD485E3C237A127B00AB5C2E /* complications WatchKit Extension.appex */;
			productType = "com.apple.product-type.watchkit2-extension";
		};
/* End PBXNativeTarget section */

/* Begin PBXProject section */
		AD485E13237A127A00AB5C2E /* Project object */ = {
			isa = PBXProject;
			attributes = {
				LastSwiftUpdateCheck = 1030;
				LastUpgradeCheck = 1030;
				ORGANIZATIONNAME = "Nada ElHakim";
				TargetAttributes = {
					AD485E1A237A127A00AB5C2E = {
						CreatedOnToolsVersion = 10.3;
						SystemCapabilities = {
							com.apple.BackgroundModes = {
								enabled = 1;
							};
							com.apple.Push = {
								enabled = 1;
							};
						};
					};
					AD485E2C237A127A00AB5C2E = {
						CreatedOnToolsVersion = 10.3;
					};
					AD485E3B237A127B00AB5C2E = {
						CreatedOnToolsVersion = 10.3;
						SystemCapabilities = {
							com.apple.BackgroundModes.watchos.extension = {
								enabled = 0;
							};
							com.apple.Push = {
								enabled = 1;
							};
						};
					};
				};
			};
			buildConfigurationList = AD485E16237A127A00AB5C2E /* Build configuration list for PBXProject "complications" */;
			compatibilityVersion = "Xcode 9.3";
			developmentRegion = en;
			hasScannedForEncodings = 0;
			knownRegions = (
				en,
				Base,
			);
			mainGroup = AD485E12237A127A00AB5C2E;
			productRefGroup = AD485E1C237A127A00AB5C2E /* Products */;
			projectDirPath = "";
			projectRoot = "";
			targets = (
				AD485E1A237A127A00AB5C2E /* complications */,
				AD485E2C237A127A00AB5C2E /* complications WatchKit App */,
				AD485E3B237A127B00AB5C2E /* complications WatchKit Extension */,
			);
		};
/* End PBXProject section */

/* Begin PBXResourcesBuildPhase section */
		AD485E19237A127A00AB5C2E /* Resources */ = {
			isa = PBXResourcesBuildPhase;
			buildActionMask = 2147483647;
			files = (
				AD485E29237A127A00AB5C2E /* LaunchScreen.storyboard in Resources */,
				AD485E26237A127A00AB5C2E /* Assets.xcassets in Resources */,
				AD485E24237A127A00AB5C2E /* Main.storyboard in Resources */,
			);
			runOnlyForDeploymentPostprocessing = 0;
		};
		AD485E2B237A127A00AB5C2E /* Resources */ = {
			isa = PBXResourcesBuildPhase;
			buildActionMask = 2147483647;
			files = (
				AD485E36237A127B00AB5C2E /* Assets.xcassets in Resources */,
				AD485E34237A127A00AB5C2E /* Interface.storyboard in Resources */,
			);
			runOnlyForDeploymentPostprocessing = 0;
		};
		AD485E3A237A127B00AB5C2E /* Resources */ = {
			isa = PBXResourcesBuildPhase;
			buildActionMask = 2147483647;
			files = (
				AD485E4A237A127B00AB5C2E /* Assets.xcassets in Resources */,
			);
			runOnlyForDeploymentPostprocessing = 0;
		};
/* End PBXResourcesBuildPhase section */

/* Begin PBXSourcesBuildPhase section */
		AD485E17237A127A00AB5C2E /* Sources */ = {
			isa = PBXSourcesBuildPhase;
			buildActionMask = 2147483647;
			files = (
				AD485E21237A127A00AB5C2E /* ViewController.swift in Sources */,
				AD485E1F237A127A00AB5C2E /* AppDelegate.swift in Sources */,
			);
			runOnlyForDeploymentPostprocessing = 0;
		};
		AD485E38237A127B00AB5C2E /* Sources */ = {
			isa = PBXSourcesBuildPhase;
			buildActionMask = 2147483647;
			files = (
				AD485E48237A127B00AB5C2E /* ComplicationController.swift in Sources */,
				AD485E44237A127B00AB5C2E /* ExtensionDelegate.swift in Sources */,
				AD485E42237A127B00AB5C2E /* InterfaceController.swift in Sources */,
			);
			runOnlyForDeploymentPostprocessing = 0;
		};
/* End PBXSourcesBuildPhase section */

/* Begin PBXTargetDependency section */
		AD485E30237A127A00AB5C2E /* PBXTargetDependency */ = {
			isa = PBXTargetDependency;
			target = AD485E2C237A127A00AB5C2E /* complications WatchKit App */;
			targetProxy = AD485E2F237A127A00AB5C2E /* PBXContainerItemProxy */;
		};
		AD485E3F237A127B00AB5C2E /* PBXTargetDependency */ = {
			isa = PBXTargetDependency;
			target = AD485E3B237A127B00AB5C2E /* complications WatchKit Extension */;
			targetProxy = AD485E3E237A127B00AB5C2E /* PBXContainerItemProxy */;
		};
/* End PBXTargetDependency section */

/* Begin PBXVariantGroup section */
		AD485E22237A127A00AB5C2E /* Main.storyboard */ = {
			isa = PBXVariantGroup;
			children = (
				AD485E23237A127A00AB5C2E /* Base */,
			);
			name = Main.storyboard;
			sourceTree = "<group>";
		};
		AD485E27237A127A00AB5C2E /* LaunchScreen.storyboard */ = {
			isa = PBXVariantGroup;
			children = (
				AD485E28237A127A00AB5C2E /* Base */,
			);
			name = LaunchScreen.storyboard;
			sourceTree = "<group>";
		};
		AD485E32237A127A00AB5C2E /* Interface.storyboard */ = {
			isa = PBXVariantGroup;
			children = (
				AD485E33237A127A00AB5C2E /* Base */,
			);
			name = Interface.storyboard;
			sourceTree = "<group>";
		};
/* End PBXVariantGroup section */

/* Begin XCBuildConfiguration section */
		AD485E4D237A127C00AB5C2E /* Debug */ = {
			isa = XCBuildConfiguration;
			buildSettings = {
				ALWAYS_SEARCH_USER_PATHS = NO;
				CLANG_ANALYZER_NONNULL = YES;
				CLANG_ANALYZER_NUMBER_OBJECT_CONVERSION = YES_AGGRESSIVE;
				CLANG_CXX_LANGUAGE_STANDARD = "gnu++14";
				CLANG_CXX_LIBRARY = "libc++";
				CLANG_ENABLE_MODULES = YES;
				CLANG_ENABLE_OBJC_ARC = YES;
				CLANG_ENABLE_OBJC_WEAK = YES;
				CLANG_WARN_BLOCK_CAPTURE_AUTORELEASING = YES;
				CLANG_WARN_BOOL_CONVERSION = YES;
				CLANG_WARN_COMMA = YES;
				CLANG_WARN_CONSTANT_CONVERSION = YES;
				CLANG_WARN_DEPRECATED_OBJC_IMPLEMENTATIONS = YES;
				CLANG_WARN_DIRECT_OBJC_ISA_USAGE = YES_ERROR;
				CLANG_WARN_DOCUMENTATION_COMMENTS = YES;
				CLANG_WARN_EMPTY_BODY = YES;
				CLANG_WARN_ENUM_CONVERSION = YES;
				CLANG_WARN_INFINITE_RECURSION = YES;
				CLANG_WARN_INT_CONVERSION = YES;
				CLANG_WARN_NON_LITERAL_NULL_CONVERSION = YES;
				CLANG_WARN_OBJC_IMPLICIT_RETAIN_SELF = YES;
				CLANG_WARN_OBJC_LITERAL_CONVERSION = YES;
				CLANG_WARN_OBJC_ROOT_CLASS = YES_ERROR;
				CLANG_WARN_RANGE_LOOP_ANALYSIS = YES;
				CLANG_WARN_STRICT_PROTOTYPES = YES;
				CLANG_WARN_SUSPICIOUS_MOVE = YES;
				CLANG_WARN_UNGUARDED_AVAILABILITY = YES_AGGRESSIVE;
				CLANG_WARN_UNREACHABLE_CODE = YES;
				CLANG_WARN__DUPLICATE_METHOD_MATCH = YES;
				CODE_SIGN_IDENTITY = "iPhone Developer";
				COPY_PHASE_STRIP = NO;
				DEBUG_INFORMATION_FORMAT = dwarf;
				ENABLE_STRICT_OBJC_MSGSEND = YES;
				ENABLE_TESTABILITY = YES;
				GCC_C_LANGUAGE_STANDARD = gnu11;
				GCC_DYNAMIC_NO_PIC = NO;
				GCC_NO_COMMON_BLOCKS = YES;
				GCC_OPTIMIZATION_LEVEL = 0;
				GCC_PREPROCESSOR_DEFINITIONS = (
					"DEBUG=1",
					"$(inherited)",
				);
				GCC_WARN_64_TO_32_BIT_CONVERSION = YES;
				GCC_WARN_ABOUT_RETURN_TYPE = YES_ERROR;
				GCC_WARN_UNDECLARED_SELECTOR = YES;
				GCC_WARN_UNINITIALIZED_AUTOS = YES_AGGRESSIVE;
				GCC_WARN_UNUSED_FUNCTION = YES;
				GCC_WARN_UNUSED_VARIABLE = YES;
				IPHONEOS_DEPLOYMENT_TARGET = 12.4;
				MTL_ENABLE_DEBUG_INFO = INCLUDE_SOURCE;
				MTL_FAST_MATH = YES;
				ONLY_ACTIVE_ARCH = YES;
				SDKROOT = iphoneos;
				SWIFT_ACTIVE_COMPILATION_CONDITIONS = DEBUG;
				SWIFT_OPTIMIZATION_LEVEL = "-Onone";
			};
			name = Debug;
		};
		AD485E4E237A127C00AB5C2E /* Release */ = {
			isa = XCBuildConfiguration;
			buildSettings = {
				ALWAYS_SEARCH_USER_PATHS = NO;
				CLANG_ANALYZER_NONNULL = YES;
				CLANG_ANALYZER_NUMBER_OBJECT_CONVERSION = YES_AGGRESSIVE;
				CLANG_CXX_LANGUAGE_STANDARD = "gnu++14";
				CLANG_CXX_LIBRARY = "libc++";
				CLANG_ENABLE_MODULES = YES;
				CLANG_ENABLE_OBJC_ARC = YES;
				CLANG_ENABLE_OBJC_WEAK = YES;
				CLANG_WARN_BLOCK_CAPTURE_AUTORELEASING = YES;
				CLANG_WARN_BOOL_CONVERSION = YES;
				CLANG_WARN_COMMA = YES;
				CLANG_WARN_CONSTANT_CONVERSION = YES;
				CLANG_WARN_DEPRECATED_OBJC_IMPLEMENTATIONS = YES;
				CLANG_WARN_DIRECT_OBJC_ISA_USAGE = YES_ERROR;
				CLANG_WARN_DOCUMENTATION_COMMENTS = YES;
				CLANG_WARN_EMPTY_BODY = YES;
				CLANG_WARN_ENUM_CONVERSION = YES;
				CLANG_WARN_INFINITE_RECURSION = YES;
				CLANG_WARN_INT_CONVERSION = YES;
				CLANG_WARN_NON_LITERAL_NULL_CONVERSION = YES;
				CLANG_WARN_OBJC_IMPLICIT_RETAIN_SELF = YES;
				CLANG_WARN_OBJC_LITERAL_CONVERSION = YES;
				CLANG_WARN_OBJC_ROOT_CLASS = YES_ERROR;
				CLANG_WARN_RANGE_LOOP_ANALYSIS = YES;
				CLANG_WARN_STRICT_PROTOTYPES = YES;
				CLANG_WARN_SUSPICIOUS_MOVE = YES;
				CLANG_WARN_UNGUARDED_AVAILABILITY = YES_AGGRESSIVE;
				CLANG_WARN_UNREACHABLE_CODE = YES;
				CLANG_WARN__DUPLICATE_METHOD_MATCH = YES;
				CODE_SIGN_IDENTITY = "iPhone Developer";
				COPY_PHASE_STRIP = NO;
				DEBUG_INFORMATION_FORMAT = "dwarf-with-dsym";
				ENABLE_NS_ASSERTIONS = NO;
				ENABLE_STRICT_OBJC_MSGSEND = YES;
				GCC_C_LANGUAGE_STANDARD = gnu11;
				GCC_NO_COMMON_BLOCKS = YES;
				GCC_WARN_64_TO_32_BIT_CONVERSION = YES;
				GCC_WARN_ABOUT_RETURN_TYPE = YES_ERROR;
				GCC_WARN_UNDECLARED_SELECTOR = YES;
				GCC_WARN_UNINITIALIZED_AUTOS = YES_AGGRESSIVE;
				GCC_WARN_UNUSED_FUNCTION = YES;
				GCC_WARN_UNUSED_VARIABLE = YES;
				IPHONEOS_DEPLOYMENT_TARGET = 12.4;
				MTL_ENABLE_DEBUG_INFO = NO;
				MTL_FAST_MATH = YES;
				SDKROOT = iphoneos;
				SWIFT_COMPILATION_MODE = wholemodule;
				SWIFT_OPTIMIZATION_LEVEL = "-O";
				VALIDATE_PRODUCT = YES;
			};
			name = Release;
		};
		AD485E50237A127C00AB5C2E /* Debug */ = {
			isa = XCBuildConfiguration;
			buildSettings = {
				ASSETCATALOG_COMPILER_COMPLICATION_NAME = Complication;
				CODE_SIGN_ENTITLEMENTS = "complications WatchKit Extension/complications WatchKit Extension.entitlements";
				CODE_SIGN_IDENTITY = "Apple Development";
				CODE_SIGN_STYLE = Automatic;
				DEVELOPMENT_TEAM = X792X9FPG9;
				INFOPLIST_FILE = "complications WatchKit Extension/Info.plist";
				LD_RUNPATH_SEARCH_PATHS = (
					"$(inherited)",
					"@executable_path/Frameworks",
					"@executable_path/../../Frameworks",
				);
				PRODUCT_BUNDLE_IDENTIFIER = com.goklue.exp.complications.watchkit.extension;
				PRODUCT_NAME = "${TARGET_NAME}";
				PROVISIONING_PROFILE_SPECIFIER = "";
				SDKROOT = watchos;
				SKIP_INSTALL = YES;
				SWIFT_VERSION = 5.0;
				TARGETED_DEVICE_FAMILY = 4;
				WATCHOS_DEPLOYMENT_TARGET = 6.1;
			};
			name = Debug;
		};
		AD485E51237A127C00AB5C2E /* Release */ = {
			isa = XCBuildConfiguration;
			buildSettings = {
				ASSETCATALOG_COMPILER_COMPLICATION_NAME = Complication;
				CODE_SIGN_ENTITLEMENTS = "complications WatchKit Extension/complications WatchKit Extension.entitlements";
				CODE_SIGN_IDENTITY = "Apple Development";
				CODE_SIGN_STYLE = Automatic;
				DEVELOPMENT_TEAM = X792X9FPG9;
				INFOPLIST_FILE = "complications WatchKit Extension/Info.plist";
				LD_RUNPATH_SEARCH_PATHS = (
					"$(inherited)",
					"@executable_path/Frameworks",
					"@executable_path/../../Frameworks",
				);
				PRODUCT_BUNDLE_IDENTIFIER = com.goklue.exp.complications.watchkit.extension;
				PRODUCT_NAME = "${TARGET_NAME}";
				PROVISIONING_PROFILE_SPECIFIER = "";
				SDKROOT = watchos;
				SKIP_INSTALL = YES;
				SWIFT_VERSION = 5.0;
				TARGETED_DEVICE_FAMILY = 4;
				WATCHOS_DEPLOYMENT_TARGET = 6.1;
			};
			name = Release;
		};
		AD485E54237A127C00AB5C2E /* Debug */ = {
			isa = XCBuildConfiguration;
			buildSettings = {
				ALWAYS_EMBED_SWIFT_STANDARD_LIBRARIES = YES;
				ASSETCATALOG_COMPILER_APPICON_NAME = AppIcon;
				CODE_SIGN_IDENTITY = "Apple Development";
				CODE_SIGN_STYLE = Automatic;
				DEVELOPMENT_TEAM = X792X9FPG9;
				IBSC_MODULE = complications_WatchKit_Extension;
				INFOPLIST_FILE = "complications WatchKit App/Info.plist";
				PRODUCT_BUNDLE_IDENTIFIER = com.goklue.exp.complications.watchkit;
				PRODUCT_NAME = "$(TARGET_NAME)";
				PROVISIONING_PROFILE_SPECIFIER = "";
				SDKROOT = watchos;
				SKIP_INSTALL = YES;
				SWIFT_VERSION = 5.0;
				TARGETED_DEVICE_FAMILY = 4;
				WATCHOS_DEPLOYMENT_TARGET = 6.1;
			};
			name = Debug;
		};
		AD485E55237A127C00AB5C2E /* Release */ = {
			isa = XCBuildConfiguration;
			buildSettings = {
				ALWAYS_EMBED_SWIFT_STANDARD_LIBRARIES = YES;
				ASSETCATALOG_COMPILER_APPICON_NAME = AppIcon;
				CODE_SIGN_IDENTITY = "Apple Development";
				CODE_SIGN_STYLE = Automatic;
				DEVELOPMENT_TEAM = X792X9FPG9;
				IBSC_MODULE = complications_WatchKit_Extension;
				INFOPLIST_FILE = "complications WatchKit App/Info.plist";
				PRODUCT_BUNDLE_IDENTIFIER = com.goklue.exp.complications.watchkit;
				PRODUCT_NAME = "$(TARGET_NAME)";
				PROVISIONING_PROFILE_SPECIFIER = "";
				SDKROOT = watchos;
				SKIP_INSTALL = YES;
				SWIFT_VERSION = 5.0;
				TARGETED_DEVICE_FAMILY = 4;
				WATCHOS_DEPLOYMENT_TARGET = 6.1;
			};
			name = Release;
		};
		AD485E58237A127C00AB5C2E /* Debug */ = {
			isa = XCBuildConfiguration;
			buildSettings = {
				ASSETCATALOG_COMPILER_APPICON_NAME = AppIcon;
				CODE_SIGN_ENTITLEMENTS = complications/complicationsDebug.entitlements;
				CODE_SIGN_IDENTITY = "Apple Development";
				CODE_SIGN_STYLE = Automatic;
				DEVELOPMENT_TEAM = X792X9FPG9;
				INFOPLIST_FILE = complications/Info.plist;
				LD_RUNPATH_SEARCH_PATHS = (
					"$(inherited)",
					"@executable_path/Frameworks",
				);
				PRODUCT_BUNDLE_IDENTIFIER = com.goklue.exp.complications;
				PRODUCT_NAME = "$(TARGET_NAME)";
				PROVISIONING_PROFILE_SPECIFIER = "";
				SWIFT_VERSION = 5.0;
				TARGETED_DEVICE_FAMILY = "1,2";
			};
			name = Debug;
		};
		AD485E59237A127C00AB5C2E /* Release */ = {
			isa = XCBuildConfiguration;
			buildSettings = {
				ASSETCATALOG_COMPILER_APPICON_NAME = AppIcon;
				CODE_SIGN_ENTITLEMENTS = complications/complications.entitlements;
				CODE_SIGN_IDENTITY = "Apple Development";
				CODE_SIGN_STYLE = Automatic;
				DEVELOPMENT_TEAM = X792X9FPG9;
				INFOPLIST_FILE = complications/Info.plist;
				LD_RUNPATH_SEARCH_PATHS = (
					"$(inherited)",
					"@executable_path/Frameworks",
				);
				PRODUCT_BUNDLE_IDENTIFIER = com.goklue.exp.complications;
				PRODUCT_NAME = "$(TARGET_NAME)";
				PROVISIONING_PROFILE_SPECIFIER = "";
				SWIFT_VERSION = 5.0;
				TARGETED_DEVICE_FAMILY = "1,2";
			};
			name = Release;
		};
/* End XCBuildConfiguration section */

/* Begin XCConfigurationList section */
		AD485E16237A127A00AB5C2E /* Build configuration list for PBXProject "complications" */ = {
			isa = XCConfigurationList;
			buildConfigurations = (
				AD485E4D237A127C00AB5C2E /* Debug */,
				AD485E4E237A127C00AB5C2E /* Release */,
			);
			defaultConfigurationIsVisible = 0;
			defaultConfigurationName = Release;
		};
		AD485E4F237A127C00AB5C2E /* Build configuration list for PBXNativeTarget "complications WatchKit Extension" */ = {
			isa = XCConfigurationList;
			buildConfigurations = (
				AD485E50237A127C00AB5C2E /* Debug */,
				AD485E51237A127C00AB5C2E /* Release */,
			);
			defaultConfigurationIsVisible = 0;
			defaultConfigurationName = Release;
		};
		AD485E53237A127C00AB5C2E /* Build configuration list for PBXNativeTarget "complications WatchKit App" */ = {
			isa = XCConfigurationList;
			buildConfigurations = (
				AD485E54237A127C00AB5C2E /* Debug */,
				AD485E55237A127C00AB5C2E /* Release */,
			);
			defaultConfigurationIsVisible = 0;
			defaultConfigurationName = Release;
		};
		AD485E57237A127C00AB5C2E /* Build configuration list for PBXNativeTarget "complications" */ = {
			isa = XCConfigurationList;
			buildConfigurations = (
				AD485E58237A127C00AB5C2E /* Debug */,
				AD485E59237A127C00AB5C2E /* Release */,
			);
			defaultConfigurationIsVisible = 0;
			defaultConfigurationName = Release;
		};
/* End XCConfigurationList section */
	};
	rootObject = AD485E13237A127A00AB5C2E /* Project object */;
}
